
Microsoft Visual Studio Solution File, Format Version 11.00
# Visual Studio 2010
Project("{F184B08F-C81C-45F6-A57F-5ABD9991F28F}") = "uas2015", "uas2015\uas2015.vbproj", "{6AFDCD31-B4CA-404C-ACD4-9500630DD87E}"
EndProject
Global
	GlobalSection(SolutionConfigurationPlatforms) = preSolution
		Debug|x86 = Debug|x86
		Release|x86 = Release|x86
	EndGlobalSection
	GlobalSection(ProjectConfigurationPlatforms) = postSolution
		{6AFDCD31-B4CA-404C-ACD4-9500630DD87E}.Debug|x86.ActiveCfg = Debug|x86
		{6AFDCD31-B4CA-404C-ACD4-9500630DD87E}.Debug|x86.Build.0 = Debug|x86
		{6AFDCD31-B4CA-404C-ACD4-9500630DD87E}.Release|x86.ActiveCfg = Release|x86
		{6AFDCD31-B4CA-404C-ACD4-9500630DD87E}.Release|x86.Build.0 = Release|x86
	EndGlobalSection
	GlobalSection(SolutionProperties) = preSolution
		HideSolutionNode = FALSE
	EndGlobalSection
EndGlobal
